
Microsoft Visual Studio Solution File, Format Version 12.00
# Visual Studio Version 16
VisualStudioVersion = 16.0.29418.71
MinimumVisualStudioVersion = 10.0.40219.1
Project("{9A19103F-16F7-4668-BE54-9A1E7A4F7556}") = "EmployeeManagement", "EmployeeManagement.csproj", "{A6579E03-0F10-4995-ABF8-B297FB26CD20}"
EndProject
Global
	GlobalSection(SolutionConfigurationPlatforms) = preSolution
		Debug|Any CPU = Debug|Any CPU
		Release|Any CPU = Release|Any CPU
	EndGlobalSection
	GlobalSection(ProjectConfigurationPlatforms) = postSolution
		{A6579E03-0F10-4995-ABF8-B297FB26CD20}.Debug|Any CPU.ActiveCfg = Debug|Any CPU
		{A6579E03-0F10-4995-ABF8-B297FB26CD20}.Debug|Any CPU.Build.0 = Debug|Any CPU
		{A6579E03-0F10-4995-ABF8-B297FB26CD20}.Release|Any CPU.ActiveCfg = Release|Any CPU
		{A6579E03-0F10-4995-ABF8-B297FB26CD20}.Release|Any CPU.Build.0 = Release|Any CPU
	EndGlobalSection
	GlobalSection(SolutionProperties) = preSolution
		HideSolutionNode = FALSE
	EndGlobalSection
	GlobalSection(ExtensibilityGlobals) = postSolution
		SolutionGuid = {DB8C8B8C-324F-4B03-9AE4-A4EA0BAACF2D}
	EndGlobalSection
EndGlobal
